
Microsoft Visual Studio Solution File, Format Version 12.00
# Visual Studio Version 16
VisualStudioVersion = 16.0.29102.190
MinimumVisualStudioVersion = 10.0.40219.1
Project("{FAE04EC0-301F-11D3-BF4B-00C04F79EFBC}") = "WebApplication", "WebApplication.csproj", "{23D061E1-1375-4644-8E19-A61216334B2E}"
EndProject
Global
	GlobalSection(SolutionConfigurationPlatforms) = preSolution
		Debug|Any CPU = Debug|Any CPU
		Release|Any CPU = Release|Any CPU
	EndGlobalSection
	GlobalSection(ProjectConfigurationPlatforms) = postSolution
		{23D061E1-1375-4644-8E19-A61216334B2E}.Debug|Any CPU.ActiveCfg = Debug|Any CPU
		{23D061E1-1375-4644-8E19-A61216334B2E}.Debug|Any CPU.Build.0 = Debug|Any CPU
		{23D061E1-1375-4644-8E19-A61216334B2E}.Release|Any CPU.ActiveCfg = Release|Any CPU
		{23D061E1-1375-4644-8E19-A61216334B2E}.Release|Any CPU.Build.0 = Release|Any CPU
	EndGlobalSection
	GlobalSection(SolutionProperties) = preSolution
		HideSolutionNode = FALSE
	EndGlobalSection
	GlobalSection(ExtensibilityGlobals) = postSolution
		SolutionGuid = {DD867F6E-2EE9-488B-995A-E12360153A98}
	EndGlobalSection
EndGlobal
